
Microsoft Visual Studio Solution File, Format Version 12.00
# Visual Studio Version 17
VisualStudioVersion = 17.12.35527.113 d17.12
MinimumVisualStudioVersion = 10.0.40219.1
Project("{FAE04EC0-301F-11D3-BF4B-00C04F79EFBC}") = "JogoDvelha", "JogoDvelha\JogoDvelha.csproj", "{5101F986-9877-45C9-9DBB-1A8F8A06308C}"
EndProject
Global
	GlobalSection(SolutionConfigurationPlatforms) = preSolution
		Debug|Any CPU = Debug|Any CPU
		Release|Any CPU = Release|Any CPU
	EndGlobalSection
	GlobalSection(ProjectConfigurationPlatforms) = postSolution
		{5101F986-9877-45C9-9DBB-1A8F8A06308C}.Debug|Any CPU.ActiveCfg = Debug|Any CPU
		{5101F986-9877-45C9-9DBB-1A8F8A06308C}.Debug|Any CPU.Build.0 = Debug|Any CPU
		{5101F986-9877-45C9-9DBB-1A8F8A06308C}.Release|Any CPU.ActiveCfg = Release|Any CPU
		{5101F986-9877-45C9-9DBB-1A8F8A06308C}.Release|Any CPU.Build.0 = Release|Any CPU
	EndGlobalSection
	GlobalSection(SolutionProperties) = preSolution
		HideSolutionNode = FALSE
	EndGlobalSection
EndGlobal
